
Microsoft Visual Studio Solution File, Format Version 12.00
# Visual Studio Version 16
VisualStudioVersion = 16.0.31624.102
MinimumVisualStudioVersion = 10.0.40219.1
Project("{FAE04EC0-301F-11D3-BF4B-00C04F79EFBC}") = "Scaffolding", "Scaffolding\Scaffolding.csproj", "{C0F58EAE-4EC9-42AD-BC1F-18EF68808093}"
EndProject
Global
	GlobalSection(SolutionConfigurationPlatforms) = preSolution
		Debug|Any CPU = Debug|Any CPU
		Release|Any CPU = Release|Any CPU
	EndGlobalSection
	GlobalSection(ProjectConfigurationPlatforms) = postSolution
		{C0F58EAE-4EC9-42AD-BC1F-18EF68808093}.Debug|Any CPU.ActiveCfg = Debug|Any CPU
		{C0F58EAE-4EC9-42AD-BC1F-18EF68808093}.Debug|Any CPU.Build.0 = Debug|Any CPU
		{C0F58EAE-4EC9-42AD-BC1F-18EF68808093}.Release|Any CPU.ActiveCfg = Release|Any CPU
		{C0F58EAE-4EC9-42AD-BC1F-18EF68808093}.Release|Any CPU.Build.0 = Release|Any CPU
	EndGlobalSection
	GlobalSection(SolutionProperties) = preSolution
		HideSolutionNode = FALSE
	EndGlobalSection
	GlobalSection(ExtensibilityGlobals) = postSolution
		SolutionGuid = {72616C71-133D-4C33-A6EF-43208747C918}
	EndGlobalSection
EndGlobal
