
Microsoft Visual Studio Solution File, Format Version 12.00
# Visual Studio Version 16
VisualStudioVersion = 16.0.31624.102
MinimumVisualStudioVersion = 10.0.40219.1
Project("{FAE04EC0-301F-11D3-BF4B-00C04F79EFBC}") = "Db connectivity", "Db connectivity\Db connectivity.csproj", "{D59BB74F-F5C6-4712-A0B2-C9FAA566BE0E}"
EndProject
Global
	GlobalSection(SolutionConfigurationPlatforms) = preSolution
		Debug|Any CPU = Debug|Any CPU
		Release|Any CPU = Release|Any CPU
	EndGlobalSection
	GlobalSection(ProjectConfigurationPlatforms) = postSolution
		{D59BB74F-F5C6-4712-A0B2-C9FAA566BE0E}.Debug|Any CPU.ActiveCfg = Debug|Any CPU
		{D59BB74F-F5C6-4712-A0B2-C9FAA566BE0E}.Debug|Any CPU.Build.0 = Debug|Any CPU
		{D59BB74F-F5C6-4712-A0B2-C9FAA566BE0E}.Release|Any CPU.ActiveCfg = Release|Any CPU
		{D59BB74F-F5C6-4712-A0B2-C9FAA566BE0E}.Release|Any CPU.Build.0 = Release|Any CPU
	EndGlobalSection
	GlobalSection(SolutionProperties) = preSolution
		HideSolutionNode = FALSE
	EndGlobalSection
	GlobalSection(ExtensibilityGlobals) = postSolution
		SolutionGuid = {6EF3CEA3-F378-4DEC-BCBD-A00500A8E9DE}
	EndGlobalSection
EndGlobal
