
Microsoft Visual Studio Solution File, Format Version 12.00
# Visual Studio Version 16
VisualStudioVersion = 16.0.31613.86
MinimumVisualStudioVersion = 10.0.40219.1
Project("{FAE04EC0-301F-11D3-BF4B-00C04F79EFBC}") = "WpfApp2", "WpfApp2\WpfApp2.csproj", "{6AD8730E-A16E-469B-85D8-5AACABBE8E05}"
EndProject
Project("{FAE04EC0-301F-11D3-BF4B-00C04F79EFBC}") = "circle diameter", "circle diameter\circle diameter.csproj", "{870AB43C-BB36-4AF7-817B-7CDFACA6A17A}"
EndProject
Global
	GlobalSection(SolutionConfigurationPlatforms) = preSolution
		Debug|Any CPU = Debug|Any CPU
		Release|Any CPU = Release|Any CPU
	EndGlobalSection
	GlobalSection(ProjectConfigurationPlatforms) = postSolution
		{6AD8730E-A16E-469B-85D8-5AACABBE8E05}.Debug|Any CPU.ActiveCfg = Debug|Any CPU
		{6AD8730E-A16E-469B-85D8-5AACABBE8E05}.Debug|Any CPU.Build.0 = Debug|Any CPU
		{6AD8730E-A16E-469B-85D8-5AACABBE8E05}.Release|Any CPU.ActiveCfg = Release|Any CPU
		{6AD8730E-A16E-469B-85D8-5AACABBE8E05}.Release|Any CPU.Build.0 = Release|Any CPU
		{870AB43C-BB36-4AF7-817B-7CDFACA6A17A}.Debug|Any CPU.ActiveCfg = Debug|Any CPU
		{870AB43C-BB36-4AF7-817B-7CDFACA6A17A}.Debug|Any CPU.Build.0 = Debug|Any CPU
		{870AB43C-BB36-4AF7-817B-7CDFACA6A17A}.Release|Any CPU.ActiveCfg = Release|Any CPU
		{870AB43C-BB36-4AF7-817B-7CDFACA6A17A}.Release|Any CPU.Build.0 = Release|Any CPU
	EndGlobalSection
	GlobalSection(SolutionProperties) = preSolution
		HideSolutionNode = FALSE
	EndGlobalSection
	GlobalSection(ExtensibilityGlobals) = postSolution
		SolutionGuid = {4DB756DF-7F6C-402E-8207-36DC48560BAD}
	EndGlobalSection
EndGlobal
